
Microsoft Visual Studio Solution File, Format Version 12.00
# Visual Studio Version 17
VisualStudioVersion = 17.5.002.0
MinimumVisualStudioVersion = 10.0.40219.1
Project("{9A19103F-16F7-4668-BE54-9A1E7A4F7556}") = "ConsoleApp1", "ConsoleApp1.csproj", "{8FF7AFF0-A414-4150-9F1D-4562952BC545}"
EndProject
Global
	GlobalSection(SolutionConfigurationPlatforms) = preSolution
		Debug|Any CPU = Debug|Any CPU
		Release|Any CPU = Release|Any CPU
	EndGlobalSection
	GlobalSection(ProjectConfigurationPlatforms) = postSolution
		{8FF7AFF0-A414-4150-9F1D-4562952BC545}.Debug|Any CPU.ActiveCfg = Debug|Any CPU
		{8FF7AFF0-A414-4150-9F1D-4562952BC545}.Debug|Any CPU.Build.0 = Debug|Any CPU
		{8FF7AFF0-A414-4150-9F1D-4562952BC545}.Release|Any CPU.ActiveCfg = Release|Any CPU
		{8FF7AFF0-A414-4150-9F1D-4562952BC545}.Release|Any CPU.Build.0 = Release|Any CPU
	EndGlobalSection
	GlobalSection(SolutionProperties) = preSolution
		HideSolutionNode = FALSE
	EndGlobalSection
	GlobalSection(ExtensibilityGlobals) = postSolution
		SolutionGuid = {D8234759-035E-4A84-9492-74408975F087}
	EndGlobalSection
EndGlobal
